{
    "requires": true,
    "lockfileVersion": 1,
    "dependencies": {
        "tinymce": {
            "version": "4.7.9",
            "resolved": "https://registry.npmjs.org/tinymce/-/tinymce-4.7.9.tgz",
            "integrity": "sha512-JGN0Hn8cYINgyHTw6ztnO086hez4SIWbkny+3S5tesyvggNFg6He1GSIHPZgSB3+ydCqO8J6qhjGSIyi0LPwpQ=="
        }
    }
}
